
Microsoft Visual Studio Solution File, Format Version 12.00
# Visual Studio 15
VisualStudioVersion = 15.0.28307.421
MinimumVisualStudioVersion = 10.0.40219.1
Project("{9A19103F-16F7-4668-BE54-9A1E7A4F7556}") = "CoreConsoleApp", "DynamicMethodTest\CoreConsoleApp.csproj", "{D2F03EDE-EEEB-4DD8-8AD0-66287A151C1E}"
EndProject
Project("{FAE04EC0-301F-11D3-BF4B-00C04F79EFBC}") = "ConsoleApp1", "ConsoleApp1\ConsoleApp1.csproj", "{DD7A0F1A-8634-495B-86B1-15CCD4CBE159}"
EndProject
Project("{9A19103F-16F7-4668-BE54-9A1E7A4F7556}") = "UnitTests", "UnitTests\UnitTests.csproj", "{BAF20A1F-DEF4-4859-BD4B-C683B42D78DD}"
EndProject
Project("{9A19103F-16F7-4668-BE54-9A1E7A4F7556}") = "DynamicMethodsLib", "DynamicMethodsLib\DynamicMethodsLib.csproj", "{C9B9DB06-C9BA-4F2F-8521-62D8614E1A59}"
EndProject
Project("{9A19103F-16F7-4668-BE54-9A1E7A4F7556}") = "DispatchProxyTest", "DispatchProxy\DispatchProxyTest.csproj", "{062346B6-01BB-490A-915F-294D2208D2A9}"
EndProject
Project("{FAE04EC0-301F-11D3-BF4B-00C04F79EFBC}") = "Contract", "Contract\Contract.csproj", "{715E4B0C-D9B5-4BF5-A269-5AD99118B68F}"
EndProject
Global
	GlobalSection(SolutionConfigurationPlatforms) = preSolution
		Debug|Any CPU = Debug|Any CPU
		Release|Any CPU = Release|Any CPU
	EndGlobalSection
	GlobalSection(ProjectConfigurationPlatforms) = postSolution
		{D2F03EDE-EEEB-4DD8-8AD0-66287A151C1E}.Debug|Any CPU.ActiveCfg = Debug|Any CPU
		{D2F03EDE-EEEB-4DD8-8AD0-66287A151C1E}.Debug|Any CPU.Build.0 = Debug|Any CPU
		{D2F03EDE-EEEB-4DD8-8AD0-66287A151C1E}.Release|Any CPU.ActiveCfg = Release|Any CPU
		{D2F03EDE-EEEB-4DD8-8AD0-66287A151C1E}.Release|Any CPU.Build.0 = Release|Any CPU
		{DD7A0F1A-8634-495B-86B1-15CCD4CBE159}.Debug|Any CPU.ActiveCfg = Debug|Any CPU
		{DD7A0F1A-8634-495B-86B1-15CCD4CBE159}.Debug|Any CPU.Build.0 = Debug|Any CPU
		{DD7A0F1A-8634-495B-86B1-15CCD4CBE159}.Release|Any CPU.ActiveCfg = Release|Any CPU
		{DD7A0F1A-8634-495B-86B1-15CCD4CBE159}.Release|Any CPU.Build.0 = Release|Any CPU
		{BAF20A1F-DEF4-4859-BD4B-C683B42D78DD}.Debug|Any CPU.ActiveCfg = Debug|Any CPU
		{BAF20A1F-DEF4-4859-BD4B-C683B42D78DD}.Debug|Any CPU.Build.0 = Debug|Any CPU
		{BAF20A1F-DEF4-4859-BD4B-C683B42D78DD}.Release|Any CPU.ActiveCfg = Release|Any CPU
		{BAF20A1F-DEF4-4859-BD4B-C683B42D78DD}.Release|Any CPU.Build.0 = Release|Any CPU
		{C9B9DB06-C9BA-4F2F-8521-62D8614E1A59}.Debug|Any CPU.ActiveCfg = Debug|Any CPU
		{C9B9DB06-C9BA-4F2F-8521-62D8614E1A59}.Debug|Any CPU.Build.0 = Debug|Any CPU
		{C9B9DB06-C9BA-4F2F-8521-62D8614E1A59}.Release|Any CPU.ActiveCfg = Release|Any CPU
		{C9B9DB06-C9BA-4F2F-8521-62D8614E1A59}.Release|Any CPU.Build.0 = Release|Any CPU
		{062346B6-01BB-490A-915F-294D2208D2A9}.Debug|Any CPU.ActiveCfg = Debug|Any CPU
		{062346B6-01BB-490A-915F-294D2208D2A9}.Debug|Any CPU.Build.0 = Debug|Any CPU
		{062346B6-01BB-490A-915F-294D2208D2A9}.Release|Any CPU.ActiveCfg = Release|Any CPU
		{062346B6-01BB-490A-915F-294D2208D2A9}.Release|Any CPU.Build.0 = Release|Any CPU
		{715E4B0C-D9B5-4BF5-A269-5AD99118B68F}.Debug|Any CPU.ActiveCfg = Debug|Any CPU
		{715E4B0C-D9B5-4BF5-A269-5AD99118B68F}.Debug|Any CPU.Build.0 = Debug|Any CPU
		{715E4B0C-D9B5-4BF5-A269-5AD99118B68F}.Release|Any CPU.ActiveCfg = Release|Any CPU
		{715E4B0C-D9B5-4BF5-A269-5AD99118B68F}.Release|Any CPU.Build.0 = Release|Any CPU
	EndGlobalSection
	GlobalSection(SolutionProperties) = preSolution
		HideSolutionNode = FALSE
	EndGlobalSection
	GlobalSection(ExtensibilityGlobals) = postSolution
		SolutionGuid = {ECA13D77-533B-42CD-8098-94F7DE98DE3C}
	EndGlobalSection
EndGlobal
